// !$*UTF8*$!
{
	archiveVersion = 1;
	classes = {
	};
	objectVersion = 50;
	objects = {

/* Begin PBXBuildFile section */
		6A55402791519323714BCC98 /* libPods-AFNetworking-source-code.a in Frameworks */ = {isa = PBXBuildFile; fileRef = 9979CD215FFA4F70B502A876 /* libPods-AFNetworking-source-code.a */; };
		F77DE20120EDB379009F9A6D /* Person.m in Sources */ = {isa = PBXBuildFile; fileRef = F77DE20020EDB379009F9A6D /* Person.m */; };
		F77DE20320EDB768009F9A6D /* person.plist in Resources */ = {isa = PBXBuildFile; fileRef = F77DE20220EDB768009F9A6D /* person.plist */; };
		F77DE20620EDEE19009F9A6D /* KeyChain.m in Sources */ = {isa = PBXBuildFile; fileRef = F77DE20520EDEE19009F9A6D /* KeyChain.m */; };
		F77DE20B20EDFB48009F9A6D /* FMDBManager.m in Sources */ = {isa = PBXBuildFile; fileRef = F77DE20A20EDFB48009F9A6D /* FMDBManager.m */; };
		F77DE20D20EDFE57009F9A6D /* status.sql in Resources */ = {isa = PBXBuildFile; fileRef = F77DE20C20EDFE57009F9A6D /* status.sql */; };
		F7E739182089BD1F00D9873B /* AppDelegate.m in Sources */ = {isa = PBXBuildFile; fileRef = F7E739172089BD1F00D9873B /* AppDelegate.m */; };
		F7E7391B2089BD1F00D9873B /* ViewController.m in Sources */ = {isa = PBXBuildFile; fileRef = F7E7391A2089BD1F00D9873B /* ViewController.m */; };
		F7E7391E2089BD1F00D9873B /* Main.storyboard in Resources */ = {isa = PBXBuildFile; fileRef = F7E7391C2089BD1F00D9873B /* Main.storyboard */; };
		F7E739202089BD2200D9873B /* Assets.xcassets in Resources */ = {isa = PBXBuildFile; fileRef = F7E7391F2089BD2200D9873B /* Assets.xcassets */; };
		F7E739232089BD2200D9873B /* LaunchScreen.storyboard in Resources */ = {isa = PBXBuildFile; fileRef = F7E739212089BD2200D9873B /* LaunchScreen.storyboard */; };
		F7E739262089BD2200D9873B /* main.m in Sources */ = {isa = PBXBuildFile; fileRef = F7E739252089BD2200D9873B /* main.m */; };
/* End PBXBuildFile section */

/* Begin PBXFileReference section */
		7E65BCF385F1365C9BD6215A /* Pods-AFNetworking-source-code.debug.xcconfig */ = {isa = PBXFileReference; includeInIndex = 1; lastKnownFileType = text.xcconfig; name = "Pods-AFNetworking-source-code.debug.xcconfig"; path = "Pods/Target Support Files/Pods-AFNetworking-source-code/Pods-AFNetworking-source-code.debug.xcconfig"; sourceTree = "<group>"; };
		9979CD215FFA4F70B502A876 /* libPods-AFNetworking-source-code.a */ = {isa = PBXFileReference; explicitFileType = archive.ar; includeInIndex = 0; path = "libPods-AFNetworking-source-code.a"; sourceTree = BUILT_PRODUCTS_DIR; };
		D9C384D643BC1A034D316E55 /* Pods-AFNetworking-source-code.release.xcconfig */ = {isa = PBXFileReference; includeInIndex = 1; lastKnownFileType = text.xcconfig; name = "Pods-AFNetworking-source-code.release.xcconfig"; path = "Pods/Target Support Files/Pods-AFNetworking-source-code/Pods-AFNetworking-source-code.release.xcconfig"; sourceTree = "<group>"; };
		F77DE1FF20EDB379009F9A6D /* Person.h */ = {isa = PBXFileReference; lastKnownFileType = sourcecode.c.h; path = Person.h; sourceTree = "<group>"; };
		F77DE20020EDB379009F9A6D /* Person.m */ = {isa = PBXFileReference; lastKnownFileType = sourcecode.c.objc; path = Person.m; sourceTree = "<group>"; };
		F77DE20220EDB768009F9A6D /* person.plist */ = {isa = PBXFileReference; lastKnownFileType = text.plist.xml; path = person.plist; sourceTree = "<group>"; };
		F77DE20420EDEE19009F9A6D /* KeyChain.h */ = {isa = PBXFileReference; lastKnownFileType = sourcecode.c.h; path = KeyChain.h; sourceTree = "<group>"; };
		F77DE20520EDEE19009F9A6D /* KeyChain.m */ = {isa = PBXFileReference; lastKnownFileType = sourcecode.c.objc; path = KeyChain.m; sourceTree = "<group>"; };
		F77DE20920EDFB48009F9A6D /* FMDBManager.h */ = {isa = PBXFileReference; lastKnownFileType = sourcecode.c.h; path = FMDBManager.h; sourceTree = "<group>"; };
		F77DE20A20EDFB48009F9A6D /* FMDBManager.m */ = {isa = PBXFileReference; lastKnownFileType = sourcecode.c.objc; path = FMDBManager.m; sourceTree = "<group>"; };
		F77DE20C20EDFE57009F9A6D /* status.sql */ = {isa = PBXFileReference; fileEncoding = 4; lastKnownFileType = text; path = status.sql; sourceTree = "<group>"; };
		F7E739132089BD1F00D9873B /* AFNetworking-source-code.app */ = {isa = PBXFileReference; explicitFileType = wrapper.application; includeInIndex = 0; path = "AFNetworking-source-code.app"; sourceTree = BUILT_PRODUCTS_DIR; };
		F7E739162089BD1F00D9873B /* AppDelegate.h */ = {isa = PBXFileReference; lastKnownFileType = sourcecode.c.h; path = AppDelegate.h; sourceTree = "<group>"; };
		F7E739172089BD1F00D9873B /* AppDelegate.m */ = {isa = PBXFileReference; lastKnownFileType = sourcecode.c.objc; path = AppDelegate.m; sourceTree = "<group>"; };
		F7E739192089BD1F00D9873B /* ViewController.h */ = {isa = PBXFileReference; lastKnownFileType = sourcecode.c.h; path = ViewController.h; sourceTree = "<group>"; };
		F7E7391A2089BD1F00D9873B /* ViewController.m */ = {isa = PBXFileReference; lastKnownFileType = sourcecode.c.objc; path = ViewController.m; sourceTree = "<group>"; };
		F7E7391D2089BD1F00D9873B /* Base */ = {isa = PBXFileReference; lastKnownFileType = file.storyboard; name = Base; path = Base.lproj/Main.storyboard; sourceTree = "<group>"; };
		F7E7391F2089BD2200D9873B /* Assets.xcassets */ = {isa = PBXFileReference; lastKnownFileType = folder.assetcatalog; path = Assets.xcassets; sourceTree = "<group>"; };
		F7E739222089BD2200D9873B /* Base */ = {isa = PBXFileReference; lastKnownFileType = file.storyboard; name = Base; path = Base.lproj/LaunchScreen.storyboard; sourceTree = "<group>"; };
		F7E739242089BD2200D9873B /* Info.plist */ = {isa = PBXFileReference; lastKnownFileType = text.plist.xml; path = Info.plist; sourceTree = "<group>"; };
		F7E739252089BD2200D9873B /* main.m */ = {isa = PBXFileReference; lastKnownFileType = sourcecode.c.objc; path = main.m; sourceTree = "<group>"; };
/* End PBXFileReference section */

/* Begin PBXFrameworksBuildPhase section */
		F7E739102089BD1F00D9873B /* Frameworks */ = {
			isa = PBXFrameworksBuildPhase;
			buildActionMask = 2147483647;
			files = (
				6A55402791519323714BCC98 /* libPods-AFNetworking-source-code.a in Frameworks */,
			);
			runOnlyForDeploymentPostprocessing = 0;
		};
/* End PBXFrameworksBuildPhase section */

/* Begin PBXGroup section */
		2446169FB63E1F33DC6CABF8 /* Pods */ = {
			isa = PBXGroup;
			children = (
				7E65BCF385F1365C9BD6215A /* Pods-AFNetworking-source-code.debug.xcconfig */,
				D9C384D643BC1A034D316E55 /* Pods-AFNetworking-source-code.release.xcconfig */,
			);
			name = Pods;
			sourceTree = "<group>";
		};
		A63B175F356328DC37AEB21B /* Frameworks */ = {
			isa = PBXGroup;
			children = (
				9979CD215FFA4F70B502A876 /* libPods-AFNetworking-source-code.a */,
			);
			name = Frameworks;
			sourceTree = "<group>";
		};
		F77DE1FE20EDB36A009F9A6D /* Model */ = {
			isa = PBXGroup;
			children = (
				F77DE1FF20EDB379009F9A6D /* Person.h */,
				F77DE20020EDB379009F9A6D /* Person.m */,
			);
			path = Model;
			sourceTree = "<group>";
		};
		F77DE20820EDFB32009F9A6D /* FMDBManager */ = {
			isa = PBXGroup;
			children = (
				F77DE20C20EDFE57009F9A6D /* status.sql */,
				F77DE20920EDFB48009F9A6D /* FMDBManager.h */,
				F77DE20A20EDFB48009F9A6D /* FMDBManager.m */,
			);
			path = FMDBManager;
			sourceTree = "<group>";
		};
		F7E7390A2089BD1F00D9873B = {
			isa = PBXGroup;
			children = (
				F7E739152089BD1F00D9873B /* AFNetworking-source-code */,
				F7E739142089BD1F00D9873B /* Products */,
				2446169FB63E1F33DC6CABF8 /* Pods */,
				A63B175F356328DC37AEB21B /* Frameworks */,
			);
			sourceTree = "<group>";
		};
		F7E739142089BD1F00D9873B /* Products */ = {
			isa = PBXGroup;
			children = (
				F7E739132089BD1F00D9873B /* AFNetworking-source-code.app */,
			);
			name = Products;
			sourceTree = "<group>";
		};
		F7E739152089BD1F00D9873B /* AFNetworking-source-code */ = {
			isa = PBXGroup;
			children = (
				F77DE20820EDFB32009F9A6D /* FMDBManager */,
				F77DE1FE20EDB36A009F9A6D /* Model */,
				F7E739162089BD1F00D9873B /* AppDelegate.h */,
				F7E739172089BD1F00D9873B /* AppDelegate.m */,
				F7E739192089BD1F00D9873B /* ViewController.h */,
				F7E7391A2089BD1F00D9873B /* ViewController.m */,
				F7E7391C2089BD1F00D9873B /* Main.storyboard */,
				F7E7391F2089BD2200D9873B /* Assets.xcassets */,
				F7E739212089BD2200D9873B /* LaunchScreen.storyboard */,
				F7E739242089BD2200D9873B /* Info.plist */,
				F7E739252089BD2200D9873B /* main.m */,
				F77DE20220EDB768009F9A6D /* person.plist */,
				F77DE20420EDEE19009F9A6D /* KeyChain.h */,
				F77DE20520EDEE19009F9A6D /* KeyChain.m */,
			);
			path = "AFNetworking-source-code";
			sourceTree = "<group>";
		};
/* End PBXGroup section */

/* Begin PBXNativeTarget section */
		F7E739122089BD1F00D9873B /* AFNetworking-source-code */ = {
			isa = PBXNativeTarget;
			buildConfigurationList = F7E739292089BD2200D9873B /* Build configuration list for PBXNativeTarget "AFNetworking-source-code" */;
			buildPhases = (
				4E6DFDE662437451770D0D88 /* [CP] Check Pods Manifest.lock */,
				F7E7390F2089BD1F00D9873B /* Sources */,
				F7E739102089BD1F00D9873B /* Frameworks */,
				F7E739112089BD1F00D9873B /* Resources */,
				1536E2A92F9B88863B57A227 /* [CP] Embed Pods Frameworks */,
				F8C42267329E3429855D37D7 /* [CP] Copy Pods Resources */,
			);
			buildRules = (
			);
			dependencies = (
			);
			name = "AFNetworking-source-code";
			productName = "AFNetworking-source-code";
			productReference = F7E739132089BD1F00D9873B /* AFNetworking-source-code.app */;
			productType = "com.apple.product-type.application";
		};
/* End PBXNativeTarget section */

/* Begin PBXProject section */
		F7E7390B2089BD1F00D9873B /* Project object */ = {
			isa = PBXProject;
			attributes = {
				LastUpgradeCheck = 0930;
				ORGANIZATIONNAME = leo;
				TargetAttributes = {
					F7E739122089BD1F00D9873B = {
						CreatedOnToolsVersion = 9.3;
					};
				};
			};
			buildConfigurationList = F7E7390E2089BD1F00D9873B /* Build configuration list for PBXProject "AFNetworking-source-code" */;
			compatibilityVersion = "Xcode 9.3";
			developmentRegion = en;
			hasScannedForEncodings = 0;
			knownRegions = (
				en,
				Base,
			);
			mainGroup = F7E7390A2089BD1F00D9873B;
			productRefGroup = F7E739142089BD1F00D9873B /* Products */;
			projectDirPath = "";
			projectRoot = "";
			targets = (
				F7E739122089BD1F00D9873B /* AFNetworking-source-code */,
			);
		};
/* End PBXProject section */

/* Begin PBXResourcesBuildPhase section */
		F7E739112089BD1F00D9873B /* Resources */ = {
			isa = PBXResourcesBuildPhase;
			buildActionMask = 2147483647;
			files = (
				F7E739232089BD2200D9873B /* LaunchScreen.storyboard in Resources */,
				F77DE20320EDB768009F9A6D /* person.plist in Resources */,
				F7E739202089BD2200D9873B /* Assets.xcassets in Resources */,
				F7E7391E2089BD1F00D9873B /* Main.storyboard in Resources */,
				F77DE20D20EDFE57009F9A6D /* status.sql in Resources */,
			);
			runOnlyForDeploymentPostprocessing = 0;
		};
/* End PBXResourcesBuildPhase section */

/* Begin PBXShellScriptBuildPhase section */
		1536E2A92F9B88863B57A227 /* [CP] Embed Pods Frameworks */ = {
			isa = PBXShellScriptBuildPhase;
			buildActionMask = 2147483647;
			files = (
			);
			inputPaths = (
			);
			name = "[CP] Embed Pods Frameworks";
			outputPaths = (
			);
			runOnlyForDeploymentPostprocessing = 0;
			shellPath = /bin/sh;
			shellScript = "\"${SRCROOT}/Pods/Target Support Files/Pods-AFNetworking-source-code/Pods-AFNetworking-source-code-frameworks.sh\"\n";
			showEnvVarsInLog = 0;
		};
		4E6DFDE662437451770D0D88 /* [CP] Check Pods Manifest.lock */ = {
			isa = PBXShellScriptBuildPhase;
			buildActionMask = 2147483647;
			files = (
			);
			inputPaths = (
				"${PODS_PODFILE_DIR_PATH}/Podfile.lock",
				"${PODS_ROOT}/Manifest.lock",
			);
			name = "[CP] Check Pods Manifest.lock";
			outputPaths = (
				"$(DERIVED_FILE_DIR)/Pods-AFNetworking-source-code-checkManifestLockResult.txt",
			);
			runOnlyForDeploymentPostprocessing = 0;
			shellPath = /bin/sh;
			shellScript = "diff \"${PODS_PODFILE_DIR_PATH}/Podfile.lock\" \"${PODS_ROOT}/Manifest.lock\" > /dev/null\nif [ $? != 0 ] ; then\n    # print error to STDERR\n    echo \"error: The sandbox is not in sync with the Podfile.lock. Run 'pod install' or update your CocoaPods installation.\" >&2\n    exit 1\nfi\n# This output is used by Xcode 'outputs' to avoid re-running this script phase.\necho \"SUCCESS\" > \"${SCRIPT_OUTPUT_FILE_0}\"\n";
			showEnvVarsInLog = 0;
		};
		F8C42267329E3429855D37D7 /* [CP] Copy Pods Resources */ = {
			isa = PBXShellScriptBuildPhase;
			buildActionMask = 2147483647;
			files = (
			);
			inputPaths = (
				"${SRCROOT}/Pods/Target Support Files/Pods-AFNetworking-source-code/Pods-AFNetworking-source-code-resources.sh",
				"${PODS_ROOT}/MJRefresh/MJRefresh/MJRefresh.bundle",
			);
			name = "[CP] Copy Pods Resources";
			outputPaths = (
				"${TARGET_BUILD_DIR}/${UNLOCALIZED_RESOURCES_FOLDER_PATH}/MJRefresh.bundle",
			);
			runOnlyForDeploymentPostprocessing = 0;
			shellPath = /bin/sh;
			shellScript = "\"${SRCROOT}/Pods/Target Support Files/Pods-AFNetworking-source-code/Pods-AFNetworking-source-code-resources.sh\"\n";
			showEnvVarsInLog = 0;
		};
/* End PBXShellScriptBuildPhase section */

/* Begin PBXSourcesBuildPhase section */
		F7E7390F2089BD1F00D9873B /* Sources */ = {
			isa = PBXSourcesBuildPhase;
			buildActionMask = 2147483647;
			files = (
				F7E7391B2089BD1F00D9873B /* ViewController.m in Sources */,
				F7E739262089BD2200D9873B /* main.m in Sources */,
				F77DE20B20EDFB48009F9A6D /* FMDBManager.m in Sources */,
				F77DE20120EDB379009F9A6D /* Person.m in Sources */,
				F7E739182089BD1F00D9873B /* AppDelegate.m in Sources */,
				F77DE20620EDEE19009F9A6D /* KeyChain.m in Sources */,
			);
			runOnlyForDeploymentPostprocessing = 0;
		};
/* End PBXSourcesBuildPhase section */

/* Begin PBXVariantGroup section */
		F7E7391C2089BD1F00D9873B /* Main.storyboard */ = {
			isa = PBXVariantGroup;
			children = (
				F7E7391D2089BD1F00D9873B /* Base */,
			);
			name = Main.storyboard;
			sourceTree = "<group>";
		};
		F7E739212089BD2200D9873B /* LaunchScreen.storyboard */ = {
			isa = PBXVariantGroup;
			children = (
				F7E739222089BD2200D9873B /* Base */,
			);
			name = LaunchScreen.storyboard;
			sourceTree = "<group>";
		};
/* End PBXVariantGroup section */

/* Begin XCBuildConfiguration section */
		F7E739272089BD2200D9873B /* Debug */ = {
			isa = XCBuildConfiguration;
			buildSettings = {
				ALWAYS_SEARCH_USER_PATHS = NO;
				CLANG_ANALYZER_NONNULL = YES;
				CLANG_ANALYZER_NUMBER_OBJECT_CONVERSION = YES_AGGRESSIVE;
				CLANG_CXX_LANGUAGE_STANDARD = "gnu++14";
				CLANG_CXX_LIBRARY = "libc++";
				CLANG_ENABLE_MODULES = YES;
				CLANG_ENABLE_OBJC_ARC = YES;
				CLANG_ENABLE_OBJC_WEAK = YES;
				CLANG_WARN_BLOCK_CAPTURE_AUTORELEASING = YES;
				CLANG_WARN_BOOL_CONVERSION = YES;
				CLANG_WARN_COMMA = YES;
				CLANG_WARN_CONSTANT_CONVERSION = YES;
				CLANG_WARN_DEPRECATED_OBJC_IMPLEMENTATIONS = YES;
				CLANG_WARN_DIRECT_OBJC_ISA_USAGE = YES_ERROR;
				CLANG_WARN_DOCUMENTATION_COMMENTS = YES;
				CLANG_WARN_EMPTY_BODY = YES;
				CLANG_WARN_ENUM_CONVERSION = YES;
				CLANG_WARN_INFINITE_RECURSION = YES;
				CLANG_WARN_INT_CONVERSION = YES;
				CLANG_WARN_NON_LITERAL_NULL_CONVERSION = YES;
				CLANG_WARN_OBJC_IMPLICIT_RETAIN_SELF = YES;
				CLANG_WARN_OBJC_LITERAL_CONVERSION = YES;
				CLANG_WARN_OBJC_ROOT_CLASS = YES_ERROR;
				CLANG_WARN_RANGE_LOOP_ANALYSIS = YES;
				CLANG_WARN_STRICT_PROTOTYPES = YES;
				CLANG_WARN_SUSPICIOUS_MOVE = YES;
				CLANG_WARN_UNGUARDED_AVAILABILITY = YES_AGGRESSIVE;
				CLANG_WARN_UNREACHABLE_CODE = YES;
				CLANG_WARN__DUPLICATE_METHOD_MATCH = YES;
				CODE_SIGN_IDENTITY = "iPhone Developer";
				COPY_PHASE_STRIP = NO;
				DEBUG_INFORMATION_FORMAT = dwarf;
				ENABLE_STRICT_OBJC_MSGSEND = YES;
				ENABLE_TESTABILITY = YES;
				GCC_C_LANGUAGE_STANDARD = gnu11;
				GCC_DYNAMIC_NO_PIC = NO;
				GCC_NO_COMMON_BLOCKS = YES;
				GCC_OPTIMIZATION_LEVEL = 0;
				GCC_PREPROCESSOR_DEFINITIONS = (
					"DEBUG=1",
					"$(inherited)",
				);
				GCC_WARN_64_TO_32_BIT_CONVERSION = YES;
				GCC_WARN_ABOUT_RETURN_TYPE = YES_ERROR;
				GCC_WARN_UNDECLARED_SELECTOR = YES;
				GCC_WARN_UNINITIALIZED_AUTOS = YES_AGGRESSIVE;
				GCC_WARN_UNUSED_FUNCTION = YES;
				GCC_WARN_UNUSED_VARIABLE = YES;
				IPHONEOS_DEPLOYMENT_TARGET = 11.3;
				MTL_ENABLE_DEBUG_INFO = YES;
				ONLY_ACTIVE_ARCH = YES;
				SDKROOT = iphoneos;
			};
			name = Debug;
		};
		F7E739282089BD2200D9873B /* Release */ = {
			isa = XCBuildConfiguration;
			buildSettings = {
				ALWAYS_SEARCH_USER_PATHS = NO;
				CLANG_ANALYZER_NONNULL = YES;
				CLANG_ANALYZER_NUMBER_OBJECT_CONVERSION = YES_AGGRESSIVE;
				CLANG_CXX_LANGUAGE_STANDARD = "gnu++14";
				CLANG_CXX_LIBRARY = "libc++";
				CLANG_ENABLE_MODULES = YES;
				CLANG_ENABLE_OBJC_ARC = YES;
				CLANG_ENABLE_OBJC_WEAK = YES;
				CLANG_WARN_BLOCK_CAPTURE_AUTORELEASING = YES;
				CLANG_WARN_BOOL_CONVERSION = YES;
				CLANG_WARN_COMMA = YES;
				CLANG_WARN_CONSTANT_CONVERSION = YES;
				CLANG_WARN_DEPRECATED_OBJC_IMPLEMENTATIONS = YES;
				CLANG_WARN_DIRECT_OBJC_ISA_USAGE = YES_ERROR;
				CLANG_WARN_DOCUMENTATION_COMMENTS = YES;
				CLANG_WARN_EMPTY_BODY = YES;
				CLANG_WARN_ENUM_CONVERSION = YES;
				CLANG_WARN_INFINITE_RECURSION = YES;
				CLANG_WARN_INT_CONVERSION = YES;
				CLANG_WARN_NON_LITERAL_NULL_CONVERSION = YES;
				CLANG_WARN_OBJC_IMPLICIT_RETAIN_SELF = YES;
				CLANG_WARN_OBJC_LITERAL_CONVERSION = YES;
				CLANG_WARN_OBJC_ROOT_CLASS = YES_ERROR;
				CLANG_WARN_RANGE_LOOP_ANALYSIS = YES;
				CLANG_WARN_STRICT_PROTOTYPES = YES;
				CLANG_WARN_SUSPICIOUS_MOVE = YES;
				CLANG_WARN_UNGUARDED_AVAILABILITY = YES_AGGRESSIVE;
				CLANG_WARN_UNREACHABLE_CODE = YES;
				CLANG_WARN__DUPLICATE_METHOD_MATCH = YES;
				CODE_SIGN_IDENTITY = "iPhone Developer";
				COPY_PHASE_STRIP = NO;
				DEBUG_INFORMATION_FORMAT = "dwarf-with-dsym";
				ENABLE_NS_ASSERTIONS = NO;
				ENABLE_STRICT_OBJC_MSGSEND = YES;
				GCC_C_LANGUAGE_STANDARD = gnu11;
				GCC_NO_COMMON_BLOCKS = YES;
				GCC_WARN_64_TO_32_BIT_CONVERSION = YES;
				GCC_WARN_ABOUT_RETURN_TYPE = YES_ERROR;
				GCC_WARN_UNDECLARED_SELECTOR = YES;
				GCC_WARN_UNINITIALIZED_AUTOS = YES_AGGRESSIVE;
				GCC_WARN_UNUSED_FUNCTION = YES;
				GCC_WARN_UNUSED_VARIABLE = YES;
				IPHONEOS_DEPLOYMENT_TARGET = 11.3;
				MTL_ENABLE_DEBUG_INFO = NO;
				SDKROOT = iphoneos;
				VALIDATE_PRODUCT = YES;
			};
			name = Release;
		};
		F7E7392A2089BD2200D9873B /* Debug */ = {
			isa = XCBuildConfiguration;
			baseConfigurationReference = 7E65BCF385F1365C9BD6215A /* Pods-AFNetworking-source-code.debug.xcconfig */;
			buildSettings = {
				ASSETCATALOG_COMPILER_APPICON_NAME = AppIcon;
				CODE_SIGN_STYLE = Automatic;
				INFOPLIST_FILE = "AFNetworking-source-code/Info.plist";
				LD_RUNPATH_SEARCH_PATHS = "$(inherited) @executable_path/Frameworks";
				PRODUCT_BUNDLE_IDENTIFIER = "leo.AFNetworking-source-code";
				PRODUCT_NAME = "$(TARGET_NAME)";
				TARGETED_DEVICE_FAMILY = "1,2";
			};
			name = Debug;
		};
		F7E7392B2089BD2200D9873B /* Release */ = {
			isa = XCBuildConfiguration;
			baseConfigurationReference = D9C384D643BC1A034D316E55 /* Pods-AFNetworking-source-code.release.xcconfig */;
			buildSettings = {
				ASSETCATALOG_COMPILER_APPICON_NAME = AppIcon;
				CODE_SIGN_STYLE = Automatic;
				INFOPLIST_FILE = "AFNetworking-source-code/Info.plist";
				LD_RUNPATH_SEARCH_PATHS = "$(inherited) @executable_path/Frameworks";
				PRODUCT_BUNDLE_IDENTIFIER = "leo.AFNetworking-source-code";
				PRODUCT_NAME = "$(TARGET_NAME)";
				TARGETED_DEVICE_FAMILY = "1,2";
			};
			name = Release;
		};
/* End XCBuildConfiguration section */

/* Begin XCConfigurationList section */
		F7E7390E2089BD1F00D9873B /* Build configuration list for PBXProject "AFNetworking-source-code" */ = {
			isa = XCConfigurationList;
			buildConfigurations = (
				F7E739272089BD2200D9873B /* Debug */,
				F7E739282089BD2200D9873B /* Release */,
			);
			defaultConfigurationIsVisible = 0;
			defaultConfigurationName = Release;
		};
		F7E739292089BD2200D9873B /* Build configuration list for PBXNativeTarget "AFNetworking-source-code" */ = {
			isa = XCConfigurationList;
			buildConfigurations = (
				F7E7392A2089BD2200D9873B /* Debug */,
				F7E7392B2089BD2200D9873B /* Release */,
			);
			defaultConfigurationIsVisible = 0;
			defaultConfigurationName = Release;
		};
/* End XCConfigurationList section */
	};
	rootObject = F7E7390B2089BD1F00D9873B /* Project object */;
}
